github.com/zhangyiming748/GetFileInfo v0.0.35 h1:JZlBQXKL9vkIW7ft46eUZ+wV+czZDXKwfF834qWLJ/M=
github.com/zhangyiming748/GetFileInfo v0.0.35/go.mod h1:2/iOmJVnoB0p68lEhjc5WyFrKye6rjxIYDrsMEorLdI=
github.com/zhangyiming748/voiceAlert v0.0.18 h1:WFxY7V+mdngaKaVliJsmxA+I0tfP8uia+Sy/XgwHJoI=
github.com/zhangyiming748/voiceAlert v0.0.18/go.mod h1:6l1HiM/P+7/LsE1HRtr2Q+nhtYITMWHWgk6QNjRYb5U=
golang.org/x/exp v0.0.0-20230519143937-03e91628a987 h1:3xJIFvzUFbu4ls0BTBYcgbCGhA63eAOEMxIHugyXJqA=
golang.org/x/exp v0.0.0-20230519143937-03e91628a987/go.mod h1:V1LtkGg67GoY2N1AnLN78QLrzxkLyJw7RJb1gzOOz9w=
